Microsoft Visual Studio Solution File, Format Version 12.00
# Visual Studio Version 17
VisualStudioVersion = 17.5.2.0
MinimumVisualStudioVersion = 10.0.40219.1
Project("{2150E333-8FDC-42A3-9474-1A3956D46DE8}") = "csharp", "csharp", "{B41BF331-FCCB-2ADF-CDB6-767964B34647}"
EndProject
Project("{FAE04EC0-301F-11D3-BF4B-00C04F79EFBC}") = "DataParser", "csharp\DataParser\DataParser.csproj", "{9BB200CD-D91C-CED6-228B-FF66FCC7C11A}"
EndProject
Global
	GlobalSection(SolutionConfigurationPlatforms) = preSolution
		Debug|Any CPU = Debug|Any CPU
		Release|Any CPU = Release|Any CPU
	EndGlobalSection
	GlobalSection(ProjectConfigurationPlatforms) = postSolution
		{9BB200CD-D91C-CED6-228B-FF66FCC7C11A}.Debug|Any CPU.ActiveCfg = Debug|Any CPU
		{9BB200CD-D91C-CED6-228B-FF66FCC7C11A}.Debug|Any CPU.Build.0 = Debug|Any CPU
		{9BB200CD-D91C-CED6-228B-FF66FCC7C11A}.Release|Any CPU.ActiveCfg = Release|Any CPU
		{9BB200CD-D91C-CED6-228B-FF66FCC7C11A}.Release|Any CPU.Build.0 = Release|Any CPU
	EndGlobalSection
	GlobalSection(SolutionProperties) = preSolution
		HideSolutionNode = FALSE
	EndGlobalSection
	GlobalSection(NestedProjects) = preSolution
		{9BB200CD-D91C-CED6-228B-FF66FCC7C11A} = {B41BF331-FCCB-2ADF-CDB6-767964B34647}
	EndGlobalSection
	GlobalSection(ExtensibilityGlobals) = postSolution
		SolutionGuid = {74DD0425-A493-4524-975E-CA29716D9404}
	EndGlobalSection
EndGlobal
